
Microsoft Visual Studio Solution File, Format Version 12.00
# Visual Studio Version 17
VisualStudioVersion = 17.3.32901.215
MinimumVisualStudioVersion = 10.0.40219.1
Project("{FAE04EC0-301F-11D3-BF4B-00C04F79EFBC}") = "Faker.Core", "Faker.Core\Faker.Core.csproj", "{CF4D3A6C-F5D1-46A3-A1A0-03E43AB8FB6E}"
EndProject
Global
	GlobalSection(SolutionConfigurationPlatforms) = preSolution
		Debug|Any CPU = Debug|Any CPU
		Release|Any CPU = Release|Any CPU
	EndGlobalSection
	GlobalSection(ProjectConfigurationPlatforms) = postSolution
		{CF4D3A6C-F5D1-46A3-A1A0-03E43AB8FB6E}.Debug|Any CPU.ActiveCfg = Debug|Any CPU
		{CF4D3A6C-F5D1-46A3-A1A0-03E43AB8FB6E}.Debug|Any CPU.Build.0 = Debug|Any CPU
		{CF4D3A6C-F5D1-46A3-A1A0-03E43AB8FB6E}.Release|Any CPU.ActiveCfg = Release|Any CPU
		{CF4D3A6C-F5D1-46A3-A1A0-03E43AB8FB6E}.Release|Any CPU.Build.0 = Release|Any CPU
	EndGlobalSection
	GlobalSection(SolutionProperties) = preSolution
		HideSolutionNode = FALSE
	EndGlobalSection
	GlobalSection(ExtensibilityGlobals) = postSolution
		SolutionGuid = {03A5D593-1E88-4228-8A8F-A3F91287479B}
	EndGlobalSection
EndGlobal
